
Microsoft Visual Studio Solution File, Format Version 12.00
# Visual Studio Version 17
VisualStudioVersion = 17.13.35818.85 d17.13
MinimumVisualStudioVersion = 10.0.40219.1
Project("{8BC9CEB8-8B4A-11D0-8D11-00A0C91BC942}") = "Exercise_9", "Exercise_9\Exercise_9.vcxproj", "{BD7B0056-0DAB-4830-84F0-09CEBEF2D620}"
EndProject
Global
	GlobalSection(SolutionConfigurationPlatforms) = preSolution
		Debug|x64 = Debug|x64
		Debug|x86 = Debug|x86
		Release|x64 = Release|x64
		Release|x86 = Release|x86
	EndGlobalSection
	GlobalSection(ProjectConfigurationPlatforms) = postSolution
		{BD7B0056-0DAB-4830-84F0-09CEBEF2D620}.Debug|x64.ActiveCfg = Debug|x64
		{BD7B0056-0DAB-4830-84F0-09CEBEF2D620}.Debug|x64.Build.0 = Debug|x64
		{BD7B0056-0DAB-4830-84F0-09CEBEF2D620}.Debug|x86.ActiveCfg = Debug|Win32
		{BD7B0056-0DAB-4830-84F0-09CEBEF2D620}.Debug|x86.Build.0 = Debug|Win32
		{BD7B0056-0DAB-4830-84F0-09CEBEF2D620}.Release|x64.ActiveCfg = Release|x64
		{BD7B0056-0DAB-4830-84F0-09CEBEF2D620}.Release|x64.Build.0 = Release|x64
		{BD7B0056-0DAB-4830-84F0-09CEBEF2D620}.Release|x86.ActiveCfg = Release|Win32
		{BD7B0056-0DAB-4830-84F0-09CEBEF2D620}.Release|x86.Build.0 = Release|Win32
	EndGlobalSection
	GlobalSection(SolutionProperties) = preSolution
		HideSolutionNode = FALSE
	EndGlobalSection
	GlobalSection(ExtensibilityGlobals) = postSolution
		SolutionGuid = {72FC3DBA-941D-44DD-A71C-4F2A8E392B4D}
	EndGlobalSection
EndGlobal
